
Microsoft Visual Studio Solution File, Format Version 12.00
# Visual Studio Version 17
VisualStudioVersion = 17.5.33414.496
MinimumVisualStudioVersion = 10.0.40219.1
Project("{FAE04EC0-301F-11D3-BF4B-00C04F79EFBC}") = "labNetPractica2", "labNetPractica2\labNetPractica2.csproj", "{C04461C8-8C4C-42F8-B01B-20F70F829474}"
EndProject
Global
	GlobalSection(SolutionConfigurationPlatforms) = preSolution
		Debug|Any CPU = Debug|Any CPU
		Release|Any CPU = Release|Any CPU
	EndGlobalSection
	GlobalSection(ProjectConfigurationPlatforms) = postSolution
		{C04461C8-8C4C-42F8-B01B-20F70F829474}.Debug|Any CPU.ActiveCfg = Debug|Any CPU
		{C04461C8-8C4C-42F8-B01B-20F70F829474}.Debug|Any CPU.Build.0 = Debug|Any CPU
		{C04461C8-8C4C-42F8-B01B-20F70F829474}.Release|Any CPU.ActiveCfg = Release|Any CPU
		{C04461C8-8C4C-42F8-B01B-20F70F829474}.Release|Any CPU.Build.0 = Release|Any CPU
	EndGlobalSection
	GlobalSection(SolutionProperties) = preSolution
		HideSolutionNode = FALSE
	EndGlobalSection
	GlobalSection(ExtensibilityGlobals) = postSolution
		SolutionGuid = {7B4667A3-AA80-4052-B431-CF0635C4FA19}
	EndGlobalSection
EndGlobal
