
Microsoft Visual Studio Solution File, Format Version 12.00
# Visual Studio Version 17
VisualStudioVersion = 17.5.33414.496
MinimumVisualStudioVersion = 10.0.40219.1
Project("{FAE04EC0-301F-11D3-BF4B-00C04F79EFBC}") = "LAB.EF.UI", "LAB.EF.UI\LAB.EF.UI.csproj", "{73CC8835-7522-4A09-B669-E62AEEBE278C}"
EndProject
Project("{FAE04EC0-301F-11D3-BF4B-00C04F79EFBC}") = "Lab.EF.Data", "Lab.EF.Data\Lab.EF.Data.csproj", "{1C0F3F81-4EA6-432E-B874-797B84F27566}"
EndProject
Project("{FAE04EC0-301F-11D3-BF4B-00C04F79EFBC}") = "Lab.EF.Logic", "Lab.EF.Logic\Lab.EF.Logic.csproj", "{176CF6E2-C0E3-4BAE-A1AE-3074C0F2F1CC}"
EndProject
Project("{FAE04EC0-301F-11D3-BF4B-00C04F79EFBC}") = "Lab.EF.Entities", "Lab.EF.Entities\Lab.EF.Entities.csproj", "{AD3D7494-C940-4AED-BF7D-9DC2759DD80A}"
EndProject
Project("{FAE04EC0-301F-11D3-BF4B-00C04F79EFBC}") = "Lab.MVC", "Lab.MVC\Lab.MVC.csproj", "{9821E3B0-FB07-4E95-8B31-9668FF79A097}"
EndProject
Global
	GlobalSection(SolutionConfigurationPlatforms) = preSolution
		Debug|Any CPU = Debug|Any CPU
		Release|Any CPU = Release|Any CPU
	EndGlobalSection
	GlobalSection(ProjectConfigurationPlatforms) = postSolution
		{73CC8835-7522-4A09-B669-E62AEEBE278C}.Debug|Any CPU.ActiveCfg = Debug|Any CPU
		{73CC8835-7522-4A09-B669-E62AEEBE278C}.Debug|Any CPU.Build.0 = Debug|Any CPU
		{73CC8835-7522-4A09-B669-E62AEEBE278C}.Release|Any CPU.ActiveCfg = Release|Any CPU
		{73CC8835-7522-4A09-B669-E62AEEBE278C}.Release|Any CPU.Build.0 = Release|Any CPU
		{1C0F3F81-4EA6-432E-B874-797B84F27566}.Debug|Any CPU.ActiveCfg = Debug|Any CPU
		{1C0F3F81-4EA6-432E-B874-797B84F27566}.Debug|Any CPU.Build.0 = Debug|Any CPU
		{1C0F3F81-4EA6-432E-B874-797B84F27566}.Release|Any CPU.ActiveCfg = Release|Any CPU
		{1C0F3F81-4EA6-432E-B874-797B84F27566}.Release|Any CPU.Build.0 = Release|Any CPU
		{176CF6E2-C0E3-4BAE-A1AE-3074C0F2F1CC}.Debug|Any CPU.ActiveCfg = Debug|Any CPU
		{176CF6E2-C0E3-4BAE-A1AE-3074C0F2F1CC}.Debug|Any CPU.Build.0 = Debug|Any CPU
		{176CF6E2-C0E3-4BAE-A1AE-3074C0F2F1CC}.Release|Any CPU.ActiveCfg = Release|Any CPU
		{176CF6E2-C0E3-4BAE-A1AE-3074C0F2F1CC}.Release|Any CPU.Build.0 = Release|Any CPU
		{AD3D7494-C940-4AED-BF7D-9DC2759DD80A}.Debug|Any CPU.ActiveCfg = Debug|Any CPU
		{AD3D7494-C940-4AED-BF7D-9DC2759DD80A}.Debug|Any CPU.Build.0 = Debug|Any CPU
		{AD3D7494-C940-4AED-BF7D-9DC2759DD80A}.Release|Any CPU.ActiveCfg = Release|Any CPU
		{AD3D7494-C940-4AED-BF7D-9DC2759DD80A}.Release|Any CPU.Build.0 = Release|Any CPU
		{9821E3B0-FB07-4E95-8B31-9668FF79A097}.Debug|Any CPU.ActiveCfg = Debug|Any CPU
		{9821E3B0-FB07-4E95-8B31-9668FF79A097}.Debug|Any CPU.Build.0 = Debug|Any CPU
		{9821E3B0-FB07-4E95-8B31-9668FF79A097}.Release|Any CPU.ActiveCfg = Release|Any CPU
		{9821E3B0-FB07-4E95-8B31-9668FF79A097}.Release|Any CPU.Build.0 = Release|Any CPU
	EndGlobalSection
	GlobalSection(SolutionProperties) = preSolution
		HideSolutionNode = FALSE
	EndGlobalSection
	GlobalSection(ExtensibilityGlobals) = postSolution
		SolutionGuid = {CC020002-91A8-4E45-83A5-33EF2FB7188A}
	EndGlobalSection
EndGlobal
